
Microsoft Visual Studio Solution File, Format Version 11.00
# Visual Studio 2010
Project("{FAE04EC0-301F-11D3-BF4B-00C04F79EFBC}") = "Roguelike Project", "Assembly-CSharp-firstpass.csproj", "{9FCA1F65-15AF-CEF5-2EC4-D1B1E6AF753F}"
EndProject
Project("{FAE04EC0-301F-11D3-BF4B-00C04F79EFBC}") = "Roguelike Project", "Assembly-CSharp.csproj", "{009D0AEE-5006-960D-DBF4-F1372A18749C}"
EndProject
Project("{FAE04EC0-301F-11D3-BF4B-00C04F79EFBC}") = "Roguelike Project", "Assembly-CSharp-Editor.csproj", "{77A45713-A5CE-8750-4209-221259EDD823}"
EndProject
Global
	GlobalSection(SolutionConfigurationPlatforms) = preSolution
		Debug|Any CPU = Debug|Any CPU
		Release|Any CPU = Release|Any CPU
	EndGlobalSection
	GlobalSection(ProjectConfigurationPlatforms) = postSolution
		{9FCA1F65-15AF-CEF5-2EC4-D1B1E6AF753F}.Debug|Any CPU.ActiveCfg = Debug|Any CPU
		{9FCA1F65-15AF-CEF5-2EC4-D1B1E6AF753F}.Debug|Any CPU.Build.0 = Debug|Any CPU
		{9FCA1F65-15AF-CEF5-2EC4-D1B1E6AF753F}.Release|Any CPU.ActiveCfg = Release|Any CPU
		{9FCA1F65-15AF-CEF5-2EC4-D1B1E6AF753F}.Release|Any CPU.Build.0 = Release|Any CPU
		{009D0AEE-5006-960D-DBF4-F1372A18749C}.Debug|Any CPU.ActiveCfg = Debug|Any CPU
		{009D0AEE-5006-960D-DBF4-F1372A18749C}.Debug|Any CPU.Build.0 = Debug|Any CPU
		{009D0AEE-5006-960D-DBF4-F1372A18749C}.Release|Any CPU.ActiveCfg = Release|Any CPU
		{009D0AEE-5006-960D-DBF4-F1372A18749C}.Release|Any CPU.Build.0 = Release|Any CPU
		{77A45713-A5CE-8750-4209-221259EDD823}.Debug|Any CPU.ActiveCfg = Debug|Any CPU
		{77A45713-A5CE-8750-4209-221259EDD823}.Debug|Any CPU.Build.0 = Debug|Any CPU
		{77A45713-A5CE-8750-4209-221259EDD823}.Release|Any CPU.ActiveCfg = Release|Any CPU
		{77A45713-A5CE-8750-4209-221259EDD823}.Release|Any CPU.Build.0 = Release|Any CPU
	EndGlobalSection
	GlobalSection(SolutionProperties) = preSolution
		HideSolutionNode = FALSE
	EndGlobalSection
	GlobalSection(MonoDevelopProperties) = preSolution
		StartupItem = Assembly-CSharp.csproj
	EndGlobalSection
EndGlobal
